
Microsoft Visual Studio Solution File, Format Version 12.00
# Visual Studio 15
VisualStudioVersion = 15.0.26430.15
MinimumVisualStudioVersion = 10.0.40219.1
Project("{2150E333-8FDC-42A3-9474-1A3956D46DE8}") = "assets", "assets", "{F66B8E6D-C62A-43A4-BC76-E297E47DFC1C}"
	ProjectSection(SolutionItems) = preProject
		assets\gksu_root_terminal.ico = assets\gksu_root_terminal.ico
		assets\gksu_root_terminal.png = assets\gksu_root_terminal.png
		assets\gksu_root_terminal_16.ico = assets\gksu_root_terminal_16.ico
		assets\LICENSE = assets\LICENSE
	EndProjectSection
EndProject
Project("{FAE04EC0-301F-11D3-BF4B-00C04F79EFBC}") = "EMSV.CLI", "LEGACY\EMSV.CLI\EMSV.CLI.csproj", "{21A89E7A-0C1D-4E9E-A13D-CB92864EE8A6}"
EndProject
Project("{FAE04EC0-301F-11D3-BF4B-00C04F79EFBC}") = "EMSV.CL.UI", "LEGACY\EMSV.CL.UI\EMSV.CL.UI.csproj", "{AF17210A-EFA0-44B2-817F-A7620EF6009A}"
EndProject
Project("{FAE04EC0-301F-11D3-BF4B-00C04F79EFBC}") = "EMSV.AP.UI", "LEGACY\EMSV.AP.UI\EMSV.AP.UI.csproj", "{6EE0D8DB-8D86-4C6D-AF44-DFE6B58F7604}"
EndProject
Project("{FAE04EC0-301F-11D3-BF4B-00C04F79EFBC}") = "EMSV.CLI.CORE", "LEGACY\EMSV.CLI.CORE\EMSV.CLI.CORE.csproj", "{94440E9F-FF52-4FD8-AA0C-CFA2F07C954B}"
EndProject
Project("{FAE04EC0-301F-11D3-BF4B-00C04F79EFBC}") = "EMSV.Api", "LEGACY\EMSV.Api\EMSV.Api.csproj", "{A33DB0BC-29C3-449E-A46A-187851B194FC}"
EndProject
Project("{FAE04EC0-301F-11D3-BF4B-00C04F79EFBC}") = "EMSV.Api.Client", "LEGACY\EMSV.Api.Client\EMSV.Api.Client.csproj", "{F3CB51DC-D3A2-489D-B405-75E4873C2059}"
EndProject
Project("{FAE04EC0-301F-11D3-BF4B-00C04F79EFBC}") = "EMSV.UI.Shared", "LEGACY\EMSV.UI.Shared\EMSV.UI.Shared.csproj", "{27C54701-96A6-453E-9B7F-65545DAB1ADB}"
EndProject
Project("{2150E333-8FDC-42A3-9474-1A3956D46DE8}") = "LEGACY", "LEGACY", "{D4B11BD5-5087-4294-B2B6-E307E2550EF3}"
EndProject
Project("{2150E333-8FDC-42A3-9474-1A3956D46DE8}") = "WPF", "WPF", "{443D283A-FC54-4916-BB87-87B9AE2E1B71}"
EndProject
Project("{FAE04EC0-301F-11D3-BF4B-00C04F79EFBC}") = "EMSV.UI.SHARED", "WPF\EMSV.UI.SHARED\EMSV.UI.SHARED.csproj", "{CC80C096-23F0-48AC-937F-B97D7AF33DD6}"
EndProject
Global
	GlobalSection(SolutionConfigurationPlatforms) = preSolution
		Debug|Any CPU = Debug|Any CPU
		Release|Any CPU = Release|Any CPU
	EndGlobalSection
	GlobalSection(ProjectConfigurationPlatforms) = postSolution
		{21A89E7A-0C1D-4E9E-A13D-CB92864EE8A6}.Debug|Any CPU.ActiveCfg = Debug|Any CPU
		{21A89E7A-0C1D-4E9E-A13D-CB92864EE8A6}.Debug|Any CPU.Build.0 = Debug|Any CPU
		{21A89E7A-0C1D-4E9E-A13D-CB92864EE8A6}.Release|Any CPU.ActiveCfg = Release|Any CPU
		{21A89E7A-0C1D-4E9E-A13D-CB92864EE8A6}.Release|Any CPU.Build.0 = Release|Any CPU
		{AF17210A-EFA0-44B2-817F-A7620EF6009A}.Debug|Any CPU.ActiveCfg = Debug|Any CPU
		{AF17210A-EFA0-44B2-817F-A7620EF6009A}.Debug|Any CPU.Build.0 = Debug|Any CPU
		{AF17210A-EFA0-44B2-817F-A7620EF6009A}.Release|Any CPU.ActiveCfg = Release|Any CPU
		{AF17210A-EFA0-44B2-817F-A7620EF6009A}.Release|Any CPU.Build.0 = Release|Any CPU
		{6EE0D8DB-8D86-4C6D-AF44-DFE6B58F7604}.Debug|Any CPU.ActiveCfg = Debug|Any CPU
		{6EE0D8DB-8D86-4C6D-AF44-DFE6B58F7604}.Debug|Any CPU.Build.0 = Debug|Any CPU
		{6EE0D8DB-8D86-4C6D-AF44-DFE6B58F7604}.Release|Any CPU.ActiveCfg = Release|Any CPU
		{6EE0D8DB-8D86-4C6D-AF44-DFE6B58F7604}.Release|Any CPU.Build.0 = Release|Any CPU
		{94440E9F-FF52-4FD8-AA0C-CFA2F07C954B}.Debug|Any CPU.ActiveCfg = Debug|Any CPU
		{94440E9F-FF52-4FD8-AA0C-CFA2F07C954B}.Debug|Any CPU.Build.0 = Debug|Any CPU
		{94440E9F-FF52-4FD8-AA0C-CFA2F07C954B}.Release|Any CPU.ActiveCfg = Release|Any CPU
		{94440E9F-FF52-4FD8-AA0C-CFA2F07C954B}.Release|Any CPU.Build.0 = Release|Any CPU
		{A33DB0BC-29C3-449E-A46A-187851B194FC}.Debug|Any CPU.ActiveCfg = Debug|Any CPU
		{A33DB0BC-29C3-449E-A46A-187851B194FC}.Debug|Any CPU.Build.0 = Debug|Any CPU
		{A33DB0BC-29C3-449E-A46A-187851B194FC}.Release|Any CPU.ActiveCfg = Release|Any CPU
		{A33DB0BC-29C3-449E-A46A-187851B194FC}.Release|Any CPU.Build.0 = Release|Any CPU
		{F3CB51DC-D3A2-489D-B405-75E4873C2059}.Debug|Any CPU.ActiveCfg = Debug|Any CPU
		{F3CB51DC-D3A2-489D-B405-75E4873C2059}.Debug|Any CPU.Build.0 = Debug|Any CPU
		{F3CB51DC-D3A2-489D-B405-75E4873C2059}.Release|Any CPU.ActiveCfg = Release|Any CPU
		{F3CB51DC-D3A2-489D-B405-75E4873C2059}.Release|Any CPU.Build.0 = Release|Any CPU
		{27C54701-96A6-453E-9B7F-65545DAB1ADB}.Debug|Any CPU.ActiveCfg = Debug|Any CPU
		{27C54701-96A6-453E-9B7F-65545DAB1ADB}.Debug|Any CPU.Build.0 = Debug|Any CPU
		{27C54701-96A6-453E-9B7F-65545DAB1ADB}.Release|Any CPU.ActiveCfg = Release|Any CPU
		{27C54701-96A6-453E-9B7F-65545DAB1ADB}.Release|Any CPU.Build.0 = Release|Any CPU
		{CC80C096-23F0-48AC-937F-B97D7AF33DD6}.Debug|Any CPU.ActiveCfg = Debug|Any CPU
		{CC80C096-23F0-48AC-937F-B97D7AF33DD6}.Debug|Any CPU.Build.0 = Debug|Any CPU
		{CC80C096-23F0-48AC-937F-B97D7AF33DD6}.Release|Any CPU.ActiveCfg = Release|Any CPU
		{CC80C096-23F0-48AC-937F-B97D7AF33DD6}.Release|Any CPU.Build.0 = Release|Any CPU
	EndGlobalSection
	GlobalSection(SolutionProperties) = preSolution
		HideSolutionNode = FALSE
	EndGlobalSection
	GlobalSection(NestedProjects) = preSolution
		{21A89E7A-0C1D-4E9E-A13D-CB92864EE8A6} = {D4B11BD5-5087-4294-B2B6-E307E2550EF3}
		{AF17210A-EFA0-44B2-817F-A7620EF6009A} = {D4B11BD5-5087-4294-B2B6-E307E2550EF3}
		{6EE0D8DB-8D86-4C6D-AF44-DFE6B58F7604} = {D4B11BD5-5087-4294-B2B6-E307E2550EF3}
		{94440E9F-FF52-4FD8-AA0C-CFA2F07C954B} = {D4B11BD5-5087-4294-B2B6-E307E2550EF3}
		{A33DB0BC-29C3-449E-A46A-187851B194FC} = {D4B11BD5-5087-4294-B2B6-E307E2550EF3}
		{F3CB51DC-D3A2-489D-B405-75E4873C2059} = {D4B11BD5-5087-4294-B2B6-E307E2550EF3}
		{27C54701-96A6-453E-9B7F-65545DAB1ADB} = {D4B11BD5-5087-4294-B2B6-E307E2550EF3}
		{CC80C096-23F0-48AC-937F-B97D7AF33DD6} = {443D283A-FC54-4916-BB87-87B9AE2E1B71}
	EndGlobalSection
EndGlobal
